// !$*UTF8*$!
{
	archiveVersion = 1;
	classes = {
	};
	objectVersion = 56;
	objects = {

/* Begin PBXBuildFile section */
		C098632B29682DA400D79B1C /* SwiftfulMapAppApp.swift in Sources */ = {isa = PBXBuildFile; fileRef = C098632A29682DA400D79B1C /* SwiftfulMapAppApp.swift */; };
		C098632D29682DA400D79B1C /* ContentView.swift in Sources */ = {isa = PBXBuildFile; fileRef = C098632C29682DA400D79B1C /* ContentView.swift */; };
		C098633229682DA500D79B1C /* Preview Assets.xcassets in Resources */ = {isa = PBXBuildFile; fileRef = C098633129682DA500D79B1C /* Preview Assets.xcassets */; };
		C098633C29682E7A00D79B1C /* Assets.xcassets in Resources */ = {isa = PBXBuildFile; fileRef = C098633B29682E7A00D79B1C /* Assets.xcassets */; };
		C098633F296832A600D79B1C /* Location.swift in Sources */ = {isa = PBXBuildFile; fileRef = C098633E296832A600D79B1C /* Location.swift */; };
		C0986342296833F100D79B1C /* LocationsDataService.swift in Sources */ = {isa = PBXBuildFile; fileRef = C0986341296833F100D79B1C /* LocationsDataService.swift */; };
		C09863442968353400D79B1C /* LocationsView.swift in Sources */ = {isa = PBXBuildFile; fileRef = C09863432968353400D79B1C /* LocationsView.swift */; };
		C09863462968399100D79B1C /* LocationsViewModel.swift in Sources */ = {isa = PBXBuildFile; fileRef = C09863452968399100D79B1C /* LocationsViewModel.swift */; };
		C09863482969841400D79B1C /* LocationsListView.swift in Sources */ = {isa = PBXBuildFile; fileRef = C09863472969841400D79B1C /* LocationsListView.swift */; };
		C098634A296991AD00D79B1C /* LocationPreviewView.swift in Sources */ = {isa = PBXBuildFile; fileRef = C0986349296991AD00D79B1C /* LocationPreviewView.swift */; };
		C098634C2969A74A00D79B1C /* LocationMapAnnotationView.swift in Sources */ = {isa = PBXBuildFile; fileRef = C098634B2969A74A00D79B1C /* LocationMapAnnotationView.swift */; };
		C098634E2969AC6100D79B1C /* LocationDetailView.swift in Sources */ = {isa = PBXBuildFile; fileRef = C098634D2969AC6100D79B1C /* LocationDetailView.swift */; };
/* End PBXBuildFile section */

/* Begin PBXFileReference section */
		C098632729682DA400D79B1C /* SwiftfulMapApp.app */ = {isa = PBXFileReference; explicitFileType = wrapper.application; includeInIndex = 0; path = SwiftfulMapApp.app; sourceTree = BUILT_PRODUCTS_DIR; };
		C098632A29682DA400D79B1C /* SwiftfulMapAppApp.swift */ = {isa = PBXFileReference; lastKnownFileType = sourcecode.swift; path = SwiftfulMapAppApp.swift; sourceTree = "<group>"; };
		C098632C29682DA400D79B1C /* ContentView.swift */ = {isa = PBXFileReference; lastKnownFileType = sourcecode.swift; path = ContentView.swift; sourceTree = "<group>"; };
		C098633129682DA500D79B1C /* Preview Assets.xcassets */ = {isa = PBXFileReference; lastKnownFileType = folder.assetcatalog; path = "Preview Assets.xcassets"; sourceTree = "<group>"; };
		C098633B29682E7A00D79B1C /* Assets.xcassets */ = {isa = PBXFileReference; lastKnownFileType = folder.assetcatalog; path = Assets.xcassets; sourceTree = "<group>"; };
		C098633E296832A600D79B1C /* Location.swift */ = {isa = PBXFileReference; lastKnownFileType = sourcecode.swift; path = Location.swift; sourceTree = "<group>"; };
		C0986341296833F100D79B1C /* LocationsDataService.swift */ = {isa = PBXFileReference; fileEncoding = 4; lastKnownFileType = sourcecode.swift; path = LocationsDataService.swift; sourceTree = "<group>"; };
		C09863432968353400D79B1C /* LocationsView.swift */ = {isa = PBXFileReference; lastKnownFileType = sourcecode.swift; path = LocationsView.swift; sourceTree = "<group>"; };
		C09863452968399100D79B1C /* LocationsViewModel.swift */ = {isa = PBXFileReference; lastKnownFileType = sourcecode.swift; path = LocationsViewModel.swift; sourceTree = "<group>"; };
		C09863472969841400D79B1C /* LocationsListView.swift */ = {isa = PBXFileReference; lastKnownFileType = sourcecode.swift; path = LocationsListView.swift; sourceTree = "<group>"; };
		C0986349296991AD00D79B1C /* LocationPreviewView.swift */ = {isa = PBXFileReference; lastKnownFileType = sourcecode.swift; path = LocationPreviewView.swift; sourceTree = "<group>"; };
		C098634B2969A74A00D79B1C /* LocationMapAnnotationView.swift */ = {isa = PBXFileReference; lastKnownFileType = sourcecode.swift; path = LocationMapAnnotationView.swift; sourceTree = "<group>"; };
		C098634D2969AC6100D79B1C /* LocationDetailView.swift */ = {isa = PBXFileReference; lastKnownFileType = sourcecode.swift; path = LocationDetailView.swift; sourceTree = "<group>"; };
		C098634F2969C25500D79B1C /* Info.plist */ = {isa = PBXFileReference; lastKnownFileType = text.plist; path = Info.plist; sourceTree = "<group>"; };
/* End PBXFileReference section */

/* Begin PBXFrameworksBuildPhase section */
		C098632429682DA400D79B1C /* Frameworks */ = {
			isa = PBXFrameworksBuildPhase;
			buildActionMask = 2147483647;
			files = (
			);
			runOnlyForDeploymentPostprocessing = 0;
		};
/* End PBXFrameworksBuildPhase section */

/* Begin PBXGroup section */
		C098631E29682DA400D79B1C = {
			isa = PBXGroup;
			children = (
				C098632929682DA400D79B1C /* SwiftfulMapApp */,
				C098632829682DA400D79B1C /* Products */,
			);
			sourceTree = "<group>";
		};
		C098632829682DA400D79B1C /* Products */ = {
			isa = PBXGroup;
			children = (
				C098632729682DA400D79B1C /* SwiftfulMapApp.app */,
			);
			name = Products;
			sourceTree = "<group>";
		};
		C098632929682DA400D79B1C /* SwiftfulMapApp */ = {
			isa = PBXGroup;
			children = (
				C098634F2969C25500D79B1C /* Info.plist */,
				C0986340296833CF00D79B1C /* DataServices */,
				C098632A29682DA400D79B1C /* SwiftfulMapAppApp.swift */,
				C098633929682DB900D79B1C /* Views */,
				C098633A29682DC000D79B1C /* ViewModels */,
				C098633829682DB100D79B1C /* Models */,
				C098633B29682E7A00D79B1C /* Assets.xcassets */,
				C098633029682DA500D79B1C /* Preview Content */,
			);
			path = SwiftfulMapApp;
			sourceTree = "<group>";
		};
		C098633029682DA500D79B1C /* Preview Content */ = {
			isa = PBXGroup;
			children = (
				C098633129682DA500D79B1C /* Preview Assets.xcassets */,
			);
			path = "Preview Content";
			sourceTree = "<group>";
		};
		C098633829682DB100D79B1C /* Models */ = {
			isa = PBXGroup;
			children = (
				C098633E296832A600D79B1C /* Location.swift */,
			);
			path = Models;
			sourceTree = "<group>";
		};
		C098633929682DB900D79B1C /* Views */ = {
			isa = PBXGroup;
			children = (
				C098632C29682DA400D79B1C /* ContentView.swift */,
				C09863432968353400D79B1C /* LocationsView.swift */,
				C098634D2969AC6100D79B1C /* LocationDetailView.swift */,
				C098634B2969A74A00D79B1C /* LocationMapAnnotationView.swift */,
				C09863472969841400D79B1C /* LocationsListView.swift */,
				C0986349296991AD00D79B1C /* LocationPreviewView.swift */,
			);
			path = Views;
			sourceTree = "<group>";
		};
		C098633A29682DC000D79B1C /* ViewModels */ = {
			isa = PBXGroup;
			children = (
				C09863452968399100D79B1C /* LocationsViewModel.swift */,
			);
			path = ViewModels;
			sourceTree = "<group>";
		};
		C0986340296833CF00D79B1C /* DataServices */ = {
			isa = PBXGroup;
			children = (
				C0986341296833F100D79B1C /* LocationsDataService.swift */,
			);
			path = DataServices;
			sourceTree = "<group>";
		};
/* End PBXGroup section */

/* Begin PBXNativeTarget section */
		C098632629682DA400D79B1C /* SwiftfulMapApp */ = {
			isa = PBXNativeTarget;
			buildConfigurationList = C098633529682DA500D79B1C /* Build configuration list for PBXNativeTarget "SwiftfulMapApp" */;
			buildPhases = (
				C098632329682DA400D79B1C /* Sources */,
				C098632429682DA400D79B1C /* Frameworks */,
				C098632529682DA400D79B1C /* Resources */,
			);
			buildRules = (
			);
			dependencies = (
			);
			name = SwiftfulMapApp;
			productName = SwiftfulMapApp;
			productReference = C098632729682DA400D79B1C /* SwiftfulMapApp.app */;
			productType = "com.apple.product-type.application";
		};
/* End PBXNativeTarget section */

/* Begin PBXProject section */
		C098631F29682DA400D79B1C /* Project object */ = {
			isa = PBXProject;
			attributes = {
				BuildIndependentTargetsInParallel = 1;
				LastSwiftUpdateCheck = 1420;
				LastUpgradeCheck = 1420;
				TargetAttributes = {
					C098632629682DA400D79B1C = {
						CreatedOnToolsVersion = 14.2;
					};
				};
			};
			buildConfigurationList = C098632229682DA400D79B1C /* Build configuration list for PBXProject "SwiftfulMapApp" */;
			compatibilityVersion = "Xcode 14.0";
			developmentRegion = en;
			hasScannedForEncodings = 0;
			knownRegions = (
				en,
				Base,
			);
			mainGroup = C098631E29682DA400D79B1C;
			productRefGroup = C098632829682DA400D79B1C /* Products */;
			projectDirPath = "";
			projectRoot = "";
			targets = (
				C098632629682DA400D79B1C /* SwiftfulMapApp */,
			);
		};
/* End PBXProject section */

/* Begin PBXResourcesBuildPhase section */
		C098632529682DA400D79B1C /* Resources */ = {
			isa = PBXResourcesBuildPhase;
			buildActionMask = 2147483647;
			files = (
				C098633C29682E7A00D79B1C /* Assets.xcassets in Resources */,
				C098633229682DA500D79B1C /* Preview Assets.xcassets in Resources */,
			);
			runOnlyForDeploymentPostprocessing = 0;
		};
/* End PBXResourcesBuildPhase section */

/* Begin PBXSourcesBuildPhase section */
		C098632329682DA400D79B1C /* Sources */ = {
			isa = PBXSourcesBuildPhase;
			buildActionMask = 2147483647;
			files = (
				C0986342296833F100D79B1C /* LocationsDataService.swift in Sources */,
				C098634C2969A74A00D79B1C /* LocationMapAnnotationView.swift in Sources */,
				C09863462968399100D79B1C /* LocationsViewModel.swift in Sources */,
				C098634A296991AD00D79B1C /* LocationPreviewView.swift in Sources */,
				C098632D29682DA400D79B1C /* ContentView.swift in Sources */,
				C09863482969841400D79B1C /* LocationsListView.swift in Sources */,
				C09863442968353400D79B1C /* LocationsView.swift in Sources */,
				C098633F296832A600D79B1C /* Location.swift in Sources */,
				C098634E2969AC6100D79B1C /* LocationDetailView.swift in Sources */,
				C098632B29682DA400D79B1C /* SwiftfulMapAppApp.swift in Sources */,
			);
			runOnlyForDeploymentPostprocessing = 0;
		};
/* End PBXSourcesBuildPhase section */

/* Begin XCBuildConfiguration section */
		C098633329682DA500D79B1C /* Debug */ = {
			isa = XCBuildConfiguration;
			buildSettings = {
				ALWAYS_SEARCH_USER_PATHS = NO;
				CLANG_ANALYZER_NONNULL = YES;
				CLANG_ANALYZER_NUMBER_OBJECT_CONVERSION = YES_AGGRESSIVE;
				CLANG_CXX_LANGUAGE_STANDARD = "gnu++20";
				CLANG_ENABLE_MODULES = YES;
				CLANG_ENABLE_OBJC_ARC = YES;
				CLANG_ENABLE_OBJC_WEAK = YES;
				CLANG_WARN_BLOCK_CAPTURE_AUTORELEASING = YES;
				CLANG_WARN_BOOL_CONVERSION = YES;
				CLANG_WARN_COMMA = YES;
				CLANG_WARN_CONSTANT_CONVERSION = YES;
				CLANG_WARN_DEPRECATED_OBJC_IMPLEMENTATIONS = YES;
				CLANG_WARN_DIRECT_OBJC_ISA_USAGE = YES_ERROR;
				CLANG_WARN_DOCUMENTATION_COMMENTS = YES;
				CLANG_WARN_EMPTY_BODY = YES;
				CLANG_WARN_ENUM_CONVERSION = YES;
				CLANG_WARN_INFINITE_RECURSION = YES;
				CLANG_WARN_INT_CONVERSION = YES;
				CLANG_WARN_NON_LITERAL_NULL_CONVERSION = YES;
				CLANG_WARN_OBJC_IMPLICIT_RETAIN_SELF = YES;
				CLANG_WARN_OBJC_LITERAL_CONVERSION = YES;
				CLANG_WARN_OBJC_ROOT_CLASS = YES_ERROR;
				CLANG_WARN_QUOTED_INCLUDE_IN_FRAMEWORK_HEADER = YES;
				CLANG_WARN_RANGE_LOOP_ANALYSIS = YES;
				CLANG_WARN_STRICT_PROTOTYPES = YES;
				CLANG_WARN_SUSPICIOUS_MOVE = YES;
				CLANG_WARN_UNGUARDED_AVAILABILITY = YES_AGGRESSIVE;
				CLANG_WARN_UNREACHABLE_CODE = YES;
				CLANG_WARN__DUPLICATE_METHOD_MATCH = YES;
				COPY_PHASE_STRIP = NO;
				DEBUG_INFORMATION_FORMAT = dwarf;
				ENABLE_STRICT_OBJC_MSGSEND = YES;
				ENABLE_TESTABILITY = YES;
				GCC_C_LANGUAGE_STANDARD = gnu11;
				GCC_DYNAMIC_NO_PIC = NO;
				GCC_NO_COMMON_BLOCKS = YES;
				GCC_OPTIMIZATION_LEVEL = 0;
				GCC_PREPROCESSOR_DEFINITIONS = (
					"DEBUG=1",
					"$(inherited)",
				);
				GCC_WARN_64_TO_32_BIT_CONVERSION = YES;
				GCC_WARN_ABOUT_RETURN_TYPE = YES_ERROR;
				GCC_WARN_UNDECLARED_SELECTOR = YES;
				GCC_WARN_UNINITIALIZED_AUTOS = YES_AGGRESSIVE;
				GCC_WARN_UNUSED_FUNCTION = YES;
				GCC_WARN_UNUSED_VARIABLE = YES;
				IPHONEOS_DEPLOYMENT_TARGET = 16.2;
				MTL_ENABLE_DEBUG_INFO = INCLUDE_SOURCE;
				MTL_FAST_MATH = YES;
				ONLY_ACTIVE_ARCH = YES;
				SDKROOT = iphoneos;
				SWIFT_ACTIVE_COMPILATION_CONDITIONS = DEBUG;
				SWIFT_OPTIMIZATION_LEVEL = "-Onone";
			};
			name = Debug;
		};
		C098633429682DA500D79B1C /* Release */ = {
			isa = XCBuildConfiguration;
			buildSettings = {
				ALWAYS_SEARCH_USER_PATHS = NO;
				CLANG_ANALYZER_NONNULL = YES;
				CLANG_ANALYZER_NUMBER_OBJECT_CONVERSION = YES_AGGRESSIVE;
				CLANG_CXX_LANGUAGE_STANDARD = "gnu++20";
				CLANG_ENABLE_MODULES = YES;
				CLANG_ENABLE_OBJC_ARC = YES;
				CLANG_ENABLE_OBJC_WEAK = YES;
				CLANG_WARN_BLOCK_CAPTURE_AUTORELEASING = YES;
				CLANG_WARN_BOOL_CONVERSION = YES;
				CLANG_WARN_COMMA = YES;
				CLANG_WARN_CONSTANT_CONVERSION = YES;
				CLANG_WARN_DEPRECATED_OBJC_IMPLEMENTATIONS = YES;
				CLANG_WARN_DIRECT_OBJC_ISA_USAGE = YES_ERROR;
				CLANG_WARN_DOCUMENTATION_COMMENTS = YES;
				CLANG_WARN_EMPTY_BODY = YES;
				CLANG_WARN_ENUM_CONVERSION = YES;
				CLANG_WARN_INFINITE_RECURSION = YES;
				CLANG_WARN_INT_CONVERSION = YES;
				CLANG_WARN_NON_LITERAL_NULL_CONVERSION = YES;
				CLANG_WARN_OBJC_IMPLICIT_RETAIN_SELF = YES;
				CLANG_WARN_OBJC_LITERAL_CONVERSION = YES;
				CLANG_WARN_OBJC_ROOT_CLASS = YES_ERROR;
				CLANG_WARN_QUOTED_INCLUDE_IN_FRAMEWORK_HEADER = YES;
				CLANG_WARN_RANGE_LOOP_ANALYSIS = YES;
				CLANG_WARN_STRICT_PROTOTYPES = YES;
				CLANG_WARN_SUSPICIOUS_MOVE = YES;
				CLANG_WARN_UNGUARDED_AVAILABILITY = YES_AGGRESSIVE;
				CLANG_WARN_UNREACHABLE_CODE = YES;
				CLANG_WARN__DUPLICATE_METHOD_MATCH = YES;
				COPY_PHASE_STRIP = NO;
				DEBUG_INFORMATION_FORMAT = "dwarf-with-dsym";
				ENABLE_NS_ASSERTIONS = NO;
				ENABLE_STRICT_OBJC_MSGSEND = YES;
				GCC_C_LANGUAGE_STANDARD = gnu11;
				GCC_NO_COMMON_BLOCKS = YES;
				GCC_WARN_64_TO_32_BIT_CONVERSION = YES;
				GCC_WARN_ABOUT_RETURN_TYPE = YES_ERROR;
				GCC_WARN_UNDECLARED_SELECTOR = YES;
				GCC_WARN_UNINITIALIZED_AUTOS = YES_AGGRESSIVE;
				GCC_WARN_UNUSED_FUNCTION = YES;
				GCC_WARN_UNUSED_VARIABLE = YES;
				IPHONEOS_DEPLOYMENT_TARGET = 16.2;
				MTL_ENABLE_DEBUG_INFO = NO;
				MTL_FAST_MATH = YES;
				SDKROOT = iphoneos;
				SWIFT_COMPILATION_MODE = wholemodule;
				SWIFT_OPTIMIZATION_LEVEL = "-O";
				VALIDATE_PRODUCT = YES;
			};
			name = Release;
		};
		C098633629682DA500D79B1C /* Debug */ = {
			isa = XCBuildConfiguration;
			buildSettings = {
				ASSETCATALOG_COMPILER_APPICON_NAME = AppIcon;
				ASSETCATALOG_COMPILER_GLOBAL_ACCENT_COLOR_NAME = AccentColor;
				CODE_SIGN_STYLE = Automatic;
				CURRENT_PROJECT_VERSION = 1;
				DEVELOPMENT_ASSET_PATHS = "\"SwiftfulMapApp/Preview Content\"";
				DEVELOPMENT_TEAM = 94864GJH82;
				ENABLE_PREVIEWS = YES;
				GENERATE_INFOPLIST_FILE = YES;
				INFOPLIST_FILE = SwiftfulMapApp/Info.plist;
				INFOPLIST_KEY_CFBundleDisplayName = "My Locations";
				INFOPLIST_KEY_UIApplicationSceneManifest_Generation = YES;
				INFOPLIST_KEY_UIApplicationSupportsIndirectInputEvents = YES;
				INFOPLIST_KEY_UISupportedInterfaceOrientations = UIInterfaceOrientationPortrait;
				INFOPLIST_KEY_UISupportedInterfaceOrientations_iPad = "UIInterfaceOrientationLandscapeLeft UIInterfaceOrientationLandscapeRight UIInterfaceOrientationPortrait UIInterfaceOrientationPortraitUpsideDown";
				LD_RUNPATH_SEARCH_PATHS = (
					"$(inherited)",
					"@executable_path/Frameworks",
				);
				MARKETING_VERSION = 1.0;
				PRODUCT_BUNDLE_IDENTIFIER = com.teniealexandru.SwiftfulMapApp;
				PRODUCT_NAME = "$(TARGET_NAME)";
				SUPPORTED_PLATFORMS = "iphoneos iphonesimulator";
				SUPPORTS_MACCATALYST = NO;
				SUPPORTS_MAC_DESIGNED_FOR_IPHONE_IPAD = NO;
				SWIFT_EMIT_LOC_STRINGS = YES;
				SWIFT_VERSION = 5.0;
				TARGETED_DEVICE_FAMILY = "1,2";
			};
			name = Debug;
		};
		C098633729682DA500D79B1C /* Release */ = {
			isa = XCBuildConfiguration;
			buildSettings = {
				ASSETCATALOG_COMPILER_APPICON_NAME = AppIcon;
				ASSETCATALOG_COMPILER_GLOBAL_ACCENT_COLOR_NAME = AccentColor;
				CODE_SIGN_STYLE = Automatic;
				CURRENT_PROJECT_VERSION = 1;
				DEVELOPMENT_ASSET_PATHS = "\"SwiftfulMapApp/Preview Content\"";
				DEVELOPMENT_TEAM = 94864GJH82;
				ENABLE_PREVIEWS = YES;
				GENERATE_INFOPLIST_FILE = YES;
				INFOPLIST_FILE = SwiftfulMapApp/Info.plist;
				INFOPLIST_KEY_CFBundleDisplayName = "My Locations";
				INFOPLIST_KEY_UIApplicationSceneManifest_Generation = YES;
				INFOPLIST_KEY_UIApplicationSupportsIndirectInputEvents = YES;
				INFOPLIST_KEY_UISupportedInterfaceOrientations = UIInterfaceOrientationPortrait;
				INFOPLIST_KEY_UISupportedInterfaceOrientations_iPad = "UIInterfaceOrientationLandscapeLeft UIInterfaceOrientationLandscapeRight UIInterfaceOrientationPortrait UIInterfaceOrientationPortraitUpsideDown";
				LD_RUNPATH_SEARCH_PATHS = (
					"$(inherited)",
					"@executable_path/Frameworks",
				);
				MARKETING_VERSION = 1.0;
				PRODUCT_BUNDLE_IDENTIFIER = com.teniealexandru.SwiftfulMapApp;
				PRODUCT_NAME = "$(TARGET_NAME)";
				SUPPORTED_PLATFORMS = "iphoneos iphonesimulator";
				SUPPORTS_MACCATALYST = NO;
				SUPPORTS_MAC_DESIGNED_FOR_IPHONE_IPAD = NO;
				SWIFT_EMIT_LOC_STRINGS = YES;
				SWIFT_VERSION = 5.0;
				TARGETED_DEVICE_FAMILY = "1,2";
			};
			name = Release;
		};
/* End XCBuildConfiguration section */

/* Begin XCConfigurationList section */
		C098632229682DA400D79B1C /* Build configuration list for PBXProject "SwiftfulMapApp" */ = {
			isa = XCConfigurationList;
			buildConfigurations = (
				C098633329682DA500D79B1C /* Debug */,
				C098633429682DA500D79B1C /* Release */,
			);
			defaultConfigurationIsVisible = 0;
			defaultConfigurationName = Release;
		};
		C098633529682DA500D79B1C /* Build configuration list for PBXNativeTarget "SwiftfulMapApp" */ = {
			isa = XCConfigurationList;
			buildConfigurations = (
				C098633629682DA500D79B1C /* Debug */,
				C098633729682DA500D79B1C /* Release */,
			);
			defaultConfigurationIsVisible = 0;
			defaultConfigurationName = Release;
		};
/* End XCConfigurationList section */
	};
	rootObject = C098631F29682DA400D79B1C /* Project object */;
}
